
Microsoft Visual Studio Solution File, Format Version 12.00
# Visual Studio Version 16
VisualStudioVersion = 25.0.1706.11
MinimumVisualStudioVersion = 10.0.40219.1
Project("{FAE04EC0-301F-11D3-BF4B-00C04F79EFBC}") = "EurofinsProject", "EurofinsProject\EurofinsProject.csproj", "{50725428-B44C-408B-B56A-50055F29B9D4}"
EndProject
Global
	GlobalSection(SolutionConfigurationPlatforms) = preSolution
		Debug|Any CPU = Debug|Any CPU
		Release|Any CPU = Release|Any CPU
	EndGlobalSection
	GlobalSection(ProjectConfigurationPlatforms) = postSolution
		{50725428-B44C-408B-B56A-50055F29B9D4}.Debug|Any CPU.ActiveCfg = Debug|Any CPU
		{50725428-B44C-408B-B56A-50055F29B9D4}.Debug|Any CPU.Build.0 = Debug|Any CPU
		{50725428-B44C-408B-B56A-50055F29B9D4}.Release|Any CPU.ActiveCfg = Release|Any CPU
		{50725428-B44C-408B-B56A-50055F29B9D4}.Release|Any CPU.Build.0 = Release|Any CPU
	EndGlobalSection
	GlobalSection(SolutionProperties) = preSolution
		HideSolutionNode = FALSE
	EndGlobalSection
	GlobalSection(ExtensibilityGlobals) = postSolution
		SolutionGuid = {D879535E-512E-407C-931E-FE153D0B66E4}
	EndGlobalSection
EndGlobal
